
Microsoft Visual Studio Solution File, Format Version 12.00
# Visual Studio Version 17
VisualStudioVersion = 17.7.34202.233
MinimumVisualStudioVersion = 10.0.40219.1
Project("{FAE04EC0-301F-11D3-BF4B-00C04F79EFBC}") = "MeyawoPortfolio", "MeyawoPortfolio\MeyawoPortfolio.csproj", "{6F0A0ACE-162A-4022-8A9E-8ECC7EC13087}"
EndProject
Global
	GlobalSection(SolutionConfigurationPlatforms) = preSolution
		Debug|Any CPU = Debug|Any CPU
		Release|Any CPU = Release|Any CPU
	EndGlobalSection
	GlobalSection(ProjectConfigurationPlatforms) = postSolution
		{6F0A0ACE-162A-4022-8A9E-8ECC7EC13087}.Debug|Any CPU.ActiveCfg = Debug|Any CPU
		{6F0A0ACE-162A-4022-8A9E-8ECC7EC13087}.Debug|Any CPU.Build.0 = Debug|Any CPU
		{6F0A0ACE-162A-4022-8A9E-8ECC7EC13087}.Release|Any CPU.ActiveCfg = Release|Any CPU
		{6F0A0ACE-162A-4022-8A9E-8ECC7EC13087}.Release|Any CPU.Build.0 = Release|Any CPU
	EndGlobalSection
	GlobalSection(SolutionProperties) = preSolution
		HideSolutionNode = FALSE
	EndGlobalSection
	GlobalSection(ExtensibilityGlobals) = postSolution
		SolutionGuid = {5164B30F-7715-4405-9682-8F17AB2373CF}
	EndGlobalSection
EndGlobal
